# THIS IS AN AUTOGENERATED FILE. DO NOT EDIT THIS FILE DIRECTLY.
# yarn lockfile v1


csv-parse@^4.14.1:
  version "4.14.1"
  resolved "https://registry.yarnpkg.com/csv-parse/-/csv-parse-4.14.1.tgz#b6b3736508fb94682fa6d450fe1755237221d291"
  integrity sha512-4wmcO7QbWtDAncGFaBwlWFPhEN4Akr64IbM4zvDwEOFekI8blLc04Nw7XjQjtSNy+3AUAgBgtUa9nWo5Cq89Xg==
